
Microsoft Visual Studio Solution File, Format Version 12.00
# Visual Studio Version 16
VisualStudioVersion = 16.0.31129.286
MinimumVisualStudioVersion = 10.0.40219.1
Project("{FAE04EC0-301F-11D3-BF4B-00C04F79EFBC}") = "MuhtarBank", "MuhtarBank\MuhtarBank.csproj", "{6170533D-C84B-4CFF-AD43-003A5CCFF1EF}"
EndProject
Global
	GlobalSection(SolutionConfigurationPlatforms) = preSolution
		Debug|Any CPU = Debug|Any CPU
		Release|Any CPU = Release|Any CPU
	EndGlobalSection
	GlobalSection(ProjectConfigurationPlatforms) = postSolution
		{6170533D-C84B-4CFF-AD43-003A5CCFF1EF}.Debug|Any CPU.ActiveCfg = Debug|Any CPU
		{6170533D-C84B-4CFF-AD43-003A5CCFF1EF}.Debug|Any CPU.Build.0 = Debug|Any CPU
		{6170533D-C84B-4CFF-AD43-003A5CCFF1EF}.Release|Any CPU.ActiveCfg = Release|Any CPU
		{6170533D-C84B-4CFF-AD43-003A5CCFF1EF}.Release|Any CPU.Build.0 = Release|Any CPU
	EndGlobalSection
	GlobalSection(SolutionProperties) = preSolution
		HideSolutionNode = FALSE
	EndGlobalSection
	GlobalSection(ExtensibilityGlobals) = postSolution
		SolutionGuid = {A5BB3DA9-DBD6-40D1-9E36-5DC510C03864}
	EndGlobalSection
EndGlobal
